
Microsoft Visual Studio Solution File, Format Version 12.00
# Visual Studio Version 17
VisualStudioVersion = 17.5.002.0
MinimumVisualStudioVersion = 10.0.40219.1
Project("{2150E333-8FDC-42A3-9474-1A3956D46DE8}") = "Back", "Back", "{1BB9EB75-52DF-430B-8924-DAE00525D141}"
EndProject
Project("{2150E333-8FDC-42A3-9474-1A3956D46DE8}") = "src", "src", "{70E958D0-D9C7-4FD6-957A-553F6725BE68}"
EndProject
Project("{9A19103F-16F7-4668-BE54-9A1E7A4F7556}") = "ProEventos.API", "Back\src\ProEventos.API\ProEventos.API.csproj", "{A268592E-5206-4723-9B28-6F9780292216}"
EndProject
Global
	GlobalSection(SolutionConfigurationPlatforms) = preSolution
		Debug|Any CPU = Debug|Any CPU
		Release|Any CPU = Release|Any CPU
	EndGlobalSection
	GlobalSection(ProjectConfigurationPlatforms) = postSolution
		{A268592E-5206-4723-9B28-6F9780292216}.Debug|Any CPU.ActiveCfg = Debug|Any CPU
		{A268592E-5206-4723-9B28-6F9780292216}.Debug|Any CPU.Build.0 = Debug|Any CPU
		{A268592E-5206-4723-9B28-6F9780292216}.Release|Any CPU.ActiveCfg = Release|Any CPU
		{A268592E-5206-4723-9B28-6F9780292216}.Release|Any CPU.Build.0 = Release|Any CPU
	EndGlobalSection
	GlobalSection(SolutionProperties) = preSolution
		HideSolutionNode = FALSE
	EndGlobalSection
	GlobalSection(NestedProjects) = preSolution
		{70E958D0-D9C7-4FD6-957A-553F6725BE68} = {1BB9EB75-52DF-430B-8924-DAE00525D141}
		{A268592E-5206-4723-9B28-6F9780292216} = {70E958D0-D9C7-4FD6-957A-553F6725BE68}
	EndGlobalSection
	GlobalSection(ExtensibilityGlobals) = postSolution
		SolutionGuid = {0136A568-551A-401E-90C5-90BE50FF709A}
	EndGlobalSection
EndGlobal
